
Microsoft Visual Studio Solution File, Format Version 12.00
# Visual Studio Version 17
VisualStudioVersion = 17.7.34031.279
MinimumVisualStudioVersion = 10.0.40219.1
Project("{FAE04EC0-301F-11D3-BF4B-00C04F79EFBC}") = "Exercicio2", "Exercicio2.csproj", "{94687711-7384-48B4-886D-C7A206F61F24}"
EndProject
Global
	GlobalSection(SolutionConfigurationPlatforms) = preSolution
		Debug|Any CPU = Debug|Any CPU
		Release|Any CPU = Release|Any CPU
	EndGlobalSection
	GlobalSection(ProjectConfigurationPlatforms) = postSolution
		{94687711-7384-48B4-886D-C7A206F61F24}.Debug|Any CPU.ActiveCfg = Debug|Any CPU
		{94687711-7384-48B4-886D-C7A206F61F24}.Debug|Any CPU.Build.0 = Debug|Any CPU
		{94687711-7384-48B4-886D-C7A206F61F24}.Release|Any CPU.ActiveCfg = Release|Any CPU
		{94687711-7384-48B4-886D-C7A206F61F24}.Release|Any CPU.Build.0 = Release|Any CPU
	EndGlobalSection
	GlobalSection(SolutionProperties) = preSolution
		HideSolutionNode = FALSE
	EndGlobalSection
	GlobalSection(ExtensibilityGlobals) = postSolution
		SolutionGuid = {1A88B974-2279-4B9E-B813-C9DB53BBF76E}
	EndGlobalSection
EndGlobal
