
Microsoft Visual Studio Solution File, Format Version 12.00
# Visual Studio Version 17
VisualStudioVersion = 17.7.34031.279
MinimumVisualStudioVersion = 10.0.40219.1
Project("{FAE04EC0-301F-11D3-BF4B-00C04F79EFBC}") = "Dice Poker", "Dice Poker.csproj", "{E3DA62E4-004A-43E9-8F1B-32BC498ED70C}"
EndProject
Global
	GlobalSection(SolutionConfigurationPlatforms) = preSolution
		Debug|Any CPU = Debug|Any CPU
		Release|Any CPU = Release|Any CPU
	EndGlobalSection
	GlobalSection(ProjectConfigurationPlatforms) = postSolution
		{E3DA62E4-004A-43E9-8F1B-32BC498ED70C}.Debug|Any CPU.ActiveCfg = Debug|Any CPU
		{E3DA62E4-004A-43E9-8F1B-32BC498ED70C}.Debug|Any CPU.Build.0 = Debug|Any CPU
		{E3DA62E4-004A-43E9-8F1B-32BC498ED70C}.Release|Any CPU.ActiveCfg = Release|Any CPU
		{E3DA62E4-004A-43E9-8F1B-32BC498ED70C}.Release|Any CPU.Build.0 = Release|Any CPU
	EndGlobalSection
	GlobalSection(SolutionProperties) = preSolution
		HideSolutionNode = FALSE
	EndGlobalSection
	GlobalSection(ExtensibilityGlobals) = postSolution
		SolutionGuid = {495E3560-D2FB-4460-BC63-E6418C19A079}
	EndGlobalSection
EndGlobal
