
Microsoft Visual Studio Solution File, Format Version 12.00
# Visual Studio Version 17
VisualStudioVersion = 17.7.34031.279
MinimumVisualStudioVersion = 10.0.40219.1
Project("{FAE04EC0-301F-11D3-BF4B-00C04F79EFBC}") = "Exercício 1", "Exercício 1.csproj", "{14635CA2-7D5C-4782-A834-F3E7A5B75BBC}"
EndProject
Global
	GlobalSection(SolutionConfigurationPlatforms) = preSolution
		Debug|Any CPU = Debug|Any CPU
		Release|Any CPU = Release|Any CPU
	EndGlobalSection
	GlobalSection(ProjectConfigurationPlatforms) = postSolution
		{14635CA2-7D5C-4782-A834-F3E7A5B75BBC}.Debug|Any CPU.ActiveCfg = Debug|Any CPU
		{14635CA2-7D5C-4782-A834-F3E7A5B75BBC}.Debug|Any CPU.Build.0 = Debug|Any CPU
		{14635CA2-7D5C-4782-A834-F3E7A5B75BBC}.Release|Any CPU.ActiveCfg = Release|Any CPU
		{14635CA2-7D5C-4782-A834-F3E7A5B75BBC}.Release|Any CPU.Build.0 = Release|Any CPU
	EndGlobalSection
	GlobalSection(SolutionProperties) = preSolution
		HideSolutionNode = FALSE
	EndGlobalSection
	GlobalSection(ExtensibilityGlobals) = postSolution
		SolutionGuid = {7B888DBE-784D-46DA-A83C-9EC254083DD3}
	EndGlobalSection
EndGlobal
